
Microsoft Visual Studio Solution File, Format Version 12.00
# Visual Studio Version 16
VisualStudioVersion = 16.0.31911.196
MinimumVisualStudioVersion = 10.0.40219.1
Project("{FAE04EC0-301F-11D3-BF4B-00C04F79EFBC}") = "01. The Hunting Games", "01. The Hunting Games\01. The Hunting Games.csproj", "{4EBD3D56-7D1D-4A3E-A814-A528F63966BE}"
EndProject
Global
	GlobalSection(SolutionConfigurationPlatforms) = preSolution
		Debug|Any CPU = Debug|Any CPU
		Release|Any CPU = Release|Any CPU
	EndGlobalSection
	GlobalSection(ProjectConfigurationPlatforms) = postSolution
		{4EBD3D56-7D1D-4A3E-A814-A528F63966BE}.Debug|Any CPU.ActiveCfg = Debug|Any CPU
		{4EBD3D56-7D1D-4A3E-A814-A528F63966BE}.Debug|Any CPU.Build.0 = Debug|Any CPU
		{4EBD3D56-7D1D-4A3E-A814-A528F63966BE}.Release|Any CPU.ActiveCfg = Release|Any CPU
		{4EBD3D56-7D1D-4A3E-A814-A528F63966BE}.Release|Any CPU.Build.0 = Release|Any CPU
	EndGlobalSection
	GlobalSection(SolutionProperties) = preSolution
		HideSolutionNode = FALSE
	EndGlobalSection
	GlobalSection(ExtensibilityGlobals) = postSolution
		SolutionGuid = {F8243A60-C5EF-4932-9DB8-D391E9107DF3}
	EndGlobalSection
EndGlobal
