
Microsoft Visual Studio Solution File, Format Version 12.00
# Visual Studio Version 17
VisualStudioVersion = 17.2.32526.322
MinimumVisualStudioVersion = 10.0.40219.1
Project("{9A19103F-16F7-4668-BE54-9A1E7A4F7556}") = "ExamPrep", "ExamPrep\ExamPrep.csproj", "{87509BA0-B958-48EC-824D-544CF58FD555}"
EndProject
Project("{9A19103F-16F7-4668-BE54-9A1E7A4F7556}") = "TilesMaster", "TilesMaster\TilesMaster.csproj", "{FEF43A35-73CC-4C4C-9067-216333232127}"
EndProject
Project("{FAE04EC0-301F-11D3-BF4B-00C04F79EFBC}") = "WallDestroyer", "WallDestroyer\WallDestroyer.csproj", "{BFAE53A3-FAE2-4536-A69E-24289372BECB}"
EndProject
Global
	GlobalSection(SolutionConfigurationPlatforms) = preSolution
		Debug|Any CPU = Debug|Any CPU
		Release|Any CPU = Release|Any CPU
	EndGlobalSection
	GlobalSection(ProjectConfigurationPlatforms) = postSolution
		{87509BA0-B958-48EC-824D-544CF58FD555}.Debug|Any CPU.ActiveCfg = Debug|Any CPU
		{87509BA0-B958-48EC-824D-544CF58FD555}.Debug|Any CPU.Build.0 = Debug|Any CPU
		{87509BA0-B958-48EC-824D-544CF58FD555}.Release|Any CPU.ActiveCfg = Release|Any CPU
		{87509BA0-B958-48EC-824D-544CF58FD555}.Release|Any CPU.Build.0 = Release|Any CPU
		{FEF43A35-73CC-4C4C-9067-216333232127}.Debug|Any CPU.ActiveCfg = Debug|Any CPU
		{FEF43A35-73CC-4C4C-9067-216333232127}.Debug|Any CPU.Build.0 = Debug|Any CPU
		{FEF43A35-73CC-4C4C-9067-216333232127}.Release|Any CPU.ActiveCfg = Release|Any CPU
		{FEF43A35-73CC-4C4C-9067-216333232127}.Release|Any CPU.Build.0 = Release|Any CPU
		{BFAE53A3-FAE2-4536-A69E-24289372BECB}.Debug|Any CPU.ActiveCfg = Debug|Any CPU
		{BFAE53A3-FAE2-4536-A69E-24289372BECB}.Debug|Any CPU.Build.0 = Debug|Any CPU
		{BFAE53A3-FAE2-4536-A69E-24289372BECB}.Release|Any CPU.ActiveCfg = Release|Any CPU
		{BFAE53A3-FAE2-4536-A69E-24289372BECB}.Release|Any CPU.Build.0 = Release|Any CPU
	EndGlobalSection
	GlobalSection(SolutionProperties) = preSolution
		HideSolutionNode = FALSE
	EndGlobalSection
	GlobalSection(ExtensibilityGlobals) = postSolution
		SolutionGuid = {25A111C1-E3A1-4481-806D-BE8325863FB3}
	EndGlobalSection
EndGlobal
