
Microsoft Visual Studio Solution File, Format Version 12.00
# Visual Studio Version 17
VisualStudioVersion = 17.2.32526.322
MinimumVisualStudioVersion = 10.0.40219.1
Project("{FAE04EC0-301F-11D3-BF4B-00C04F79EFBC}") = "Interfaces and Abstraction", "Interfaces and Abstraction\Interfaces and Abstraction.csproj", "{2CE87BB6-C00D-4BBE-94FD-ADED80ED45FD}"
EndProject
Global
	GlobalSection(SolutionConfigurationPlatforms) = preSolution
		Debug|Any CPU = Debug|Any CPU
		Release|Any CPU = Release|Any CPU
	EndGlobalSection
	GlobalSection(ProjectConfigurationPlatforms) = postSolution
		{2CE87BB6-C00D-4BBE-94FD-ADED80ED45FD}.Debug|Any CPU.ActiveCfg = Debug|Any CPU
		{2CE87BB6-C00D-4BBE-94FD-ADED80ED45FD}.Debug|Any CPU.Build.0 = Debug|Any CPU
		{2CE87BB6-C00D-4BBE-94FD-ADED80ED45FD}.Release|Any CPU.ActiveCfg = Release|Any CPU
		{2CE87BB6-C00D-4BBE-94FD-ADED80ED45FD}.Release|Any CPU.Build.0 = Release|Any CPU
	EndGlobalSection
	GlobalSection(SolutionProperties) = preSolution
		HideSolutionNode = FALSE
	EndGlobalSection
	GlobalSection(ExtensibilityGlobals) = postSolution
		SolutionGuid = {7D10FB2E-7417-4B0A-906A-234D9A533155}
	EndGlobalSection
EndGlobal
